
Microsoft Visual Studio Solution File, Format Version 12.00
# Visual Studio Version 16
VisualStudioVersion = 16.0.30523.141
MinimumVisualStudioVersion = 10.0.40219.1
Project("{9A19103F-16F7-4668-BE54-9A1E7A4F7556}") = "ProfanityCheckerAPI", "ProfanityCheckerAPI\ProfanityCheckerAPI.csproj", "{E5F56D7A-9BDE-46E0-A200-E125AFABA5BF}"
EndProject
Project("{FAE04EC0-301F-11D3-BF4B-00C04F79EFBC}") = "LeetCode1", "LeetCode1\LeetCode1.csproj", "{23A6A480-5D69-4155-AE75-95FE40327411}"
EndProject
Global
	GlobalSection(SolutionConfigurationPlatforms) = preSolution
		Debug|Any CPU = Debug|Any CPU
		Release|Any CPU = Release|Any CPU
	EndGlobalSection
	GlobalSection(ProjectConfigurationPlatforms) = postSolution
		{E5F56D7A-9BDE-46E0-A200-E125AFABA5BF}.Debug|Any CPU.ActiveCfg = Debug|Any CPU
		{E5F56D7A-9BDE-46E0-A200-E125AFABA5BF}.Debug|Any CPU.Build.0 = Debug|Any CPU
		{E5F56D7A-9BDE-46E0-A200-E125AFABA5BF}.Release|Any CPU.ActiveCfg = Release|Any CPU
		{E5F56D7A-9BDE-46E0-A200-E125AFABA5BF}.Release|Any CPU.Build.0 = Release|Any CPU
		{23A6A480-5D69-4155-AE75-95FE40327411}.Debug|Any CPU.ActiveCfg = Debug|Any CPU
		{23A6A480-5D69-4155-AE75-95FE40327411}.Debug|Any CPU.Build.0 = Debug|Any CPU
		{23A6A480-5D69-4155-AE75-95FE40327411}.Release|Any CPU.ActiveCfg = Release|Any CPU
		{23A6A480-5D69-4155-AE75-95FE40327411}.Release|Any CPU.Build.0 = Release|Any CPU
	EndGlobalSection
	GlobalSection(SolutionProperties) = preSolution
		HideSolutionNode = FALSE
	EndGlobalSection
	GlobalSection(ExtensibilityGlobals) = postSolution
		SolutionGuid = {592927BA-7094-4F54-AD1C-A2B02B0E5F83}
	EndGlobalSection
EndGlobal
